
Microsoft Visual Studio Solution File, Format Version 12.00
# Visual Studio Version 17
VisualStudioVersion = 17.13.35919.96 d17.13
MinimumVisualStudioVersion = 10.0.40219.1
Project("{FAE04EC0-301F-11D3-BF4B-00C04F79EFBC}") = "Projeto1APOO", "Projeto1APOO\Projeto1APOO.csproj", "{1C6AC347-3C87-4DB5-8106-5D08538EEC4B}"
EndProject
Global
	GlobalSection(SolutionConfigurationPlatforms) = preSolution
		Debug|Any CPU = Debug|Any CPU
		Release|Any CPU = Release|Any CPU
	EndGlobalSection
	GlobalSection(ProjectConfigurationPlatforms) = postSolution
		{1C6AC347-3C87-4DB5-8106-5D08538EEC4B}.Debug|Any CPU.ActiveCfg = Debug|Any CPU
		{1C6AC347-3C87-4DB5-8106-5D08538EEC4B}.Debug|Any CPU.Build.0 = Debug|Any CPU
		{1C6AC347-3C87-4DB5-8106-5D08538EEC4B}.Release|Any CPU.ActiveCfg = Release|Any CPU
		{1C6AC347-3C87-4DB5-8106-5D08538EEC4B}.Release|Any CPU.Build.0 = Release|Any CPU
	EndGlobalSection
	GlobalSection(SolutionProperties) = preSolution
		HideSolutionNode = FALSE
	EndGlobalSection
	GlobalSection(ExtensibilityGlobals) = postSolution
		SolutionGuid = {4F137B01-38D2-483C-B7D8-9606A4987D1D}
	EndGlobalSection
EndGlobal
